
Microsoft Visual Studio Solution File, Format Version 12.00
# Visual Studio 15
VisualStudioVersion = 15.0.27703.2035
MinimumVisualStudioVersion = 10.0.40219.1
Project("{8BC9CEB8-8B4A-11D0-8D11-00A0C91BC942}") = "KKD-2018", "KKD-2018\KKD-2018.vcxproj", "{CA9B485D-A6A2-415C-B7FF-7CF15C1BF896}"
EndProject
Project("{FAE04EC0-301F-11D3-BF4B-00C04F79EFBC}") = "GenerationCode", "GenerationCode\GenerationCode.csproj", "{75AEF942-4A22-4305-BFA7-900343FD7033}"
	ProjectSection(ProjectDependencies) = postProject
		{CA9B485D-A6A2-415C-B7FF-7CF15C1BF896} = {CA9B485D-A6A2-415C-B7FF-7CF15C1BF896}
	EndProjectSection
EndProject
Global
	GlobalSection(SolutionConfigurationPlatforms) = preSolution
		Debug|Any CPU = Debug|Any CPU
		Debug|x64 = Debug|x64
		Debug|x86 = Debug|x86
		Release|Any CPU = Release|Any CPU
		Release|x64 = Release|x64
		Release|x86 = Release|x86
	EndGlobalSection
	GlobalSection(ProjectConfigurationPlatforms) = postSolution
		{CA9B485D-A6A2-415C-B7FF-7CF15C1BF896}.Debug|Any CPU.ActiveCfg = Debug|Win32
		{CA9B485D-A6A2-415C-B7FF-7CF15C1BF896}.Debug|x64.ActiveCfg = Debug|x64
		{CA9B485D-A6A2-415C-B7FF-7CF15C1BF896}.Debug|x64.Build.0 = Debug|x64
		{CA9B485D-A6A2-415C-B7FF-7CF15C1BF896}.Debug|x86.ActiveCfg = Debug|Win32
		{CA9B485D-A6A2-415C-B7FF-7CF15C1BF896}.Debug|x86.Build.0 = Debug|Win32
		{CA9B485D-A6A2-415C-B7FF-7CF15C1BF896}.Release|Any CPU.ActiveCfg = Release|Win32
		{CA9B485D-A6A2-415C-B7FF-7CF15C1BF896}.Release|x64.ActiveCfg = Release|x64
		{CA9B485D-A6A2-415C-B7FF-7CF15C1BF896}.Release|x64.Build.0 = Release|x64
		{CA9B485D-A6A2-415C-B7FF-7CF15C1BF896}.Release|x86.ActiveCfg = Release|Win32
		{CA9B485D-A6A2-415C-B7FF-7CF15C1BF896}.Release|x86.Build.0 = Release|Win32
		{75AEF942-4A22-4305-BFA7-900343FD7033}.Debug|Any CPU.ActiveCfg = Debug|Any CPU
		{75AEF942-4A22-4305-BFA7-900343FD7033}.Debug|Any CPU.Build.0 = Debug|Any CPU
		{75AEF942-4A22-4305-BFA7-900343FD7033}.Debug|x64.ActiveCfg = Debug|Any CPU
		{75AEF942-4A22-4305-BFA7-900343FD7033}.Debug|x64.Build.0 = Debug|Any CPU
		{75AEF942-4A22-4305-BFA7-900343FD7033}.Debug|x86.ActiveCfg = Debug|Any CPU
		{75AEF942-4A22-4305-BFA7-900343FD7033}.Debug|x86.Build.0 = Debug|Any CPU
		{75AEF942-4A22-4305-BFA7-900343FD7033}.Release|Any CPU.ActiveCfg = Release|Any CPU
		{75AEF942-4A22-4305-BFA7-900343FD7033}.Release|Any CPU.Build.0 = Release|Any CPU
		{75AEF942-4A22-4305-BFA7-900343FD7033}.Release|x64.ActiveCfg = Release|Any CPU
		{75AEF942-4A22-4305-BFA7-900343FD7033}.Release|x64.Build.0 = Release|Any CPU
		{75AEF942-4A22-4305-BFA7-900343FD7033}.Release|x86.ActiveCfg = Release|Any CPU
		{75AEF942-4A22-4305-BFA7-900343FD7033}.Release|x86.Build.0 = Release|Any CPU
	EndGlobalSection
	GlobalSection(SolutionProperties) = preSolution
		HideSolutionNode = FALSE
	EndGlobalSection
	GlobalSection(ExtensibilityGlobals) = postSolution
		SolutionGuid = {26A050CB-A5C1-4185-911D-90CE4693B55D}
	EndGlobalSection
EndGlobal
